
Microsoft Visual Studio Solution File, Format Version 12.00
# Visual Studio Version 17
VisualStudioVersion = 17.4.33122.133
MinimumVisualStudioVersion = 10.0.40219.1
Project("{9A19103F-16F7-4668-BE54-9A1E7A4F7556}") = "svrp", "svrp\svrp.csproj", "{84DFDA44-CA66-4B3A-B4BC-6B020DEE7741}"
EndProject
Project("{FAE04EC0-301F-11D3-BF4B-00C04F79EFBC}") = "core", "core\core.csproj", "{9F7ED588-0609-4BE2-B053-06FCD909DE04}"
EndProject
Project("{FAE04EC0-301F-11D3-BF4B-00C04F79EFBC}") = "infrastructure", "infrastructure\infrastructure.csproj", "{DCFF46FF-8F76-465F-BB28-8E44CED11DB2}"
EndProject
Global
	GlobalSection(SolutionConfigurationPlatforms) = preSolution
		Debug|Any CPU = Debug|Any CPU
		Release|Any CPU = Release|Any CPU
	EndGlobalSection
	GlobalSection(ProjectConfigurationPlatforms) = postSolution
		{84DFDA44-CA66-4B3A-B4BC-6B020DEE7741}.Debug|Any CPU.ActiveCfg = Debug|Any CPU
		{84DFDA44-CA66-4B3A-B4BC-6B020DEE7741}.Debug|Any CPU.Build.0 = Debug|Any CPU
		{84DFDA44-CA66-4B3A-B4BC-6B020DEE7741}.Release|Any CPU.ActiveCfg = Release|Any CPU
		{84DFDA44-CA66-4B3A-B4BC-6B020DEE7741}.Release|Any CPU.Build.0 = Release|Any CPU
		{9F7ED588-0609-4BE2-B053-06FCD909DE04}.Debug|Any CPU.ActiveCfg = Debug|Any CPU
		{9F7ED588-0609-4BE2-B053-06FCD909DE04}.Debug|Any CPU.Build.0 = Debug|Any CPU
		{9F7ED588-0609-4BE2-B053-06FCD909DE04}.Release|Any CPU.ActiveCfg = Release|Any CPU
		{9F7ED588-0609-4BE2-B053-06FCD909DE04}.Release|Any CPU.Build.0 = Release|Any CPU
		{DCFF46FF-8F76-465F-BB28-8E44CED11DB2}.Debug|Any CPU.ActiveCfg = Debug|Any CPU
		{DCFF46FF-8F76-465F-BB28-8E44CED11DB2}.Debug|Any CPU.Build.0 = Debug|Any CPU
		{DCFF46FF-8F76-465F-BB28-8E44CED11DB2}.Release|Any CPU.ActiveCfg = Release|Any CPU
		{DCFF46FF-8F76-465F-BB28-8E44CED11DB2}.Release|Any CPU.Build.0 = Release|Any CPU
	EndGlobalSection
	GlobalSection(SolutionProperties) = preSolution
		HideSolutionNode = FALSE
	EndGlobalSection
	GlobalSection(ExtensibilityGlobals) = postSolution
		SolutionGuid = {50A9566F-37B7-4FBF-B0EE-0F09CEEB8158}
	EndGlobalSection
EndGlobal
